// !$*UTF8*$!
{
	archiveVersion = 1;
	classes = {
	};
	objectVersion = 46;
	objects = {

/* Begin PBXBuildFile section */
		5CC98EB41BFAB1A800CE5B5E /* AppDelegate.swift in Sources */ = {isa = PBXBuildFile; fileRef = 5CC98EB31BFAB1A800CE5B5E /* AppDelegate.swift */; };
		5CC98EB61BFAB1A800CE5B5E /* ViewController.swift in Sources */ = {isa = PBXBuildFile; fileRef = 5CC98EB51BFAB1A800CE5B5E /* ViewController.swift */; };
		5CC98EB91BFAB1A800CE5B5E /* Main.storyboard in Resources */ = {isa = PBXBuildFile; fileRef = 5CC98EB71BFAB1A800CE5B5E /* Main.storyboard */; };
		5CC98EBB1BFAB1A800CE5B5E /* Images.xcassets in Resources */ = {isa = PBXBuildFile; fileRef = 5CC98EBA1BFAB1A800CE5B5E /* Images.xcassets */; };
		5CC98EBE1BFAB1A800CE5B5E /* LaunchScreen.xib in Resources */ = {isa = PBXBuildFile; fileRef = 5CC98EBC1BFAB1A800CE5B5E /* LaunchScreen.xib */; };
		5CC98ECA1BFAB1A800CE5B5E /* homework1Tests.swift in Sources */ = {isa = PBXBuildFile; fileRef = 5CC98EC91BFAB1A800CE5B5E /* homework1Tests.swift */; };
		5CC98ED41BFAB24D00CE5B5E /* cartman.jpeg in Resources */ = {isa = PBXBuildFile; fileRef = 5CC98ED31BFAB24D00CE5B5E /* cartman.jpeg */; };
/* End PBXBuildFile section */

/* Begin PBXContainerItemProxy section */
		5CC98EC41BFAB1A800CE5B5E /* PBXContainerItemProxy */ = {
			isa = PBXContainerItemProxy;
			containerPortal = 5CC98EA61BFAB1A800CE5B5E /* Project object */;
			proxyType = 1;
			remoteGlobalIDString = 5CC98EAD1BFAB1A800CE5B5E;
			remoteInfo = homework1;
		};
/* End PBXContainerItemProxy section */

/* Begin PBXFileReference section */
		5CC98EAE1BFAB1A800CE5B5E /* homework1.app */ = {isa = PBXFileReference; explicitFileType = wrapper.application; includeInIndex = 0; path = homework1.app; sourceTree = BUILT_PRODUCTS_DIR; };
		5CC98EB21BFAB1A800CE5B5E /* Info.plist */ = {isa = PBXFileReference; lastKnownFileType = text.plist.xml; path = Info.plist; sourceTree = "<group>"; };
		5CC98EB31BFAB1A800CE5B5E /* AppDelegate.swift */ = {isa = PBXFileReference; lastKnownFileType = sourcecode.swift; path = AppDelegate.swift; sourceTree = "<group>"; };
		5CC98EB51BFAB1A800CE5B5E /* ViewController.swift */ = {isa = PBXFileReference; lastKnownFileType = sourcecode.swift; path = ViewController.swift; sourceTree = "<group>"; };
		5CC98EB81BFAB1A800CE5B5E /* Base */ = {isa = PBXFileReference; lastKnownFileType = file.storyboard; name = Base; path = Base.lproj/Main.storyboard; sourceTree = "<group>"; };
		5CC98EBA1BFAB1A800CE5B5E /* Images.xcassets */ = {isa = PBXFileReference; lastKnownFileType = folder.assetcatalog; path = Images.xcassets; sourceTree = "<group>"; };
		5CC98EBD1BFAB1A800CE5B5E /* Base */ = {isa = PBXFileReference; lastKnownFileType = file.xib; name = Base; path = Base.lproj/LaunchScreen.xib; sourceTree = "<group>"; };
		5CC98EC31BFAB1A800CE5B5E /* homework1Tests.xctest */ = {isa = PBXFileReference; explicitFileType = wrapper.cfbundle; includeInIndex = 0; path = homework1Tests.xctest; sourceTree = BUILT_PRODUCTS_DIR; };
		5CC98EC81BFAB1A800CE5B5E /* Info.plist */ = {isa = PBXFileReference; lastKnownFileType = text.plist.xml; path = Info.plist; sourceTree = "<group>"; };
		5CC98EC91BFAB1A800CE5B5E /* homework1Tests.swift */ = {isa = PBXFileReference; lastKnownFileType = sourcecode.swift; path = homework1Tests.swift; sourceTree = "<group>"; };
		5CC98ED31BFAB24D00CE5B5E /* cartman.jpeg */ = {isa = PBXFileReference; lastKnownFileType = image.jpeg; path = cartman.jpeg; sourceTree = "<group>"; };
/* End PBXFileReference section */

/* Begin PBXFrameworksBuildPhase section */
		5CC98EAB1BFAB1A800CE5B5E /* Frameworks */ = {
			isa = PBXFrameworksBuildPhase;
			buildActionMask = 2147483647;
			files = (
			);
			runOnlyForDeploymentPostprocessing = 0;
		};
		5CC98EC01BFAB1A800CE5B5E /* Frameworks */ = {
			isa = PBXFrameworksBuildPhase;
			buildActionMask = 2147483647;
			files = (
			);
			runOnlyForDeploymentPostprocessing = 0;
		};
/* End PBXFrameworksBuildPhase section */

/* Begin PBXGroup section */
		5CC98EA51BFAB1A800CE5B5E = {
			isa = PBXGroup;
			children = (
				5CC98EB01BFAB1A800CE5B5E /* homework1 */,
				5CC98EC61BFAB1A800CE5B5E /* homework1Tests */,
				5CC98EAF1BFAB1A800CE5B5E /* Products */,
			);
			sourceTree = "<group>";
		};
		5CC98EAF1BFAB1A800CE5B5E /* Products */ = {
			isa = PBXGroup;
			children = (
				5CC98EAE1BFAB1A800CE5B5E /* homework1.app */,
				5CC98EC31BFAB1A800CE5B5E /* homework1Tests.xctest */,
			);
			name = Products;
			sourceTree = "<group>";
		};
		5CC98EB01BFAB1A800CE5B5E /* homework1 */ = {
			isa = PBXGroup;
			children = (
				5CC98ED31BFAB24D00CE5B5E /* cartman.jpeg */,
				5CC98EB31BFAB1A800CE5B5E /* AppDelegate.swift */,
				5CC98EB51BFAB1A800CE5B5E /* ViewController.swift */,
				5CC98EB71BFAB1A800CE5B5E /* Main.storyboard */,
				5CC98EBA1BFAB1A800CE5B5E /* Images.xcassets */,
				5CC98EBC1BFAB1A800CE5B5E /* LaunchScreen.xib */,
				5CC98EB11BFAB1A800CE5B5E /* Supporting Files */,
			);
			path = homework1;
			sourceTree = "<group>";
		};
		5CC98EB11BFAB1A800CE5B5E /* Supporting Files */ = {
			isa = PBXGroup;
			children = (
				5CC98EB21BFAB1A800CE5B5E /* Info.plist */,
			);
			name = "Supporting Files";
			sourceTree = "<group>";
		};
		5CC98EC61BFAB1A800CE5B5E /* homework1Tests */ = {
			isa = PBXGroup;
			children = (
				5CC98EC91BFAB1A800CE5B5E /* homework1Tests.swift */,
				5CC98EC71BFAB1A800CE5B5E /* Supporting Files */,
			);
			path = homework1Tests;
			sourceTree = "<group>";
		};
		5CC98EC71BFAB1A800CE5B5E /* Supporting Files */ = {
			isa = PBXGroup;
			children = (
				5CC98EC81BFAB1A800CE5B5E /* Info.plist */,
			);
			name = "Supporting Files";
			sourceTree = "<group>";
		};
/* End PBXGroup section */

/* Begin PBXNativeTarget section */
		5CC98EAD1BFAB1A800CE5B5E /* homework1 */ = {
			isa = PBXNativeTarget;
			buildConfigurationList = 5CC98ECD1BFAB1A800CE5B5E /* Build configuration list for PBXNativeTarget "homework1" */;
			buildPhases = (
				5CC98EAA1BFAB1A800CE5B5E /* Sources */,
				5CC98EAB1BFAB1A800CE5B5E /* Frameworks */,
				5CC98EAC1BFAB1A800CE5B5E /* Resources */,
			);
			buildRules = (
			);
			dependencies = (
			);
			name = homework1;
			productName = homework1;
			productReference = 5CC98EAE1BFAB1A800CE5B5E /* homework1.app */;
			productType = "com.apple.product-type.application";
		};
		5CC98EC21BFAB1A800CE5B5E /* homework1Tests */ = {
			isa = PBXNativeTarget;
			buildConfigurationList = 5CC98ED01BFAB1A800CE5B5E /* Build configuration list for PBXNativeTarget "homework1Tests" */;
			buildPhases = (
				5CC98EBF1BFAB1A800CE5B5E /* Sources */,
				5CC98EC01BFAB1A800CE5B5E /* Frameworks */,
				5CC98EC11BFAB1A800CE5B5E /* Resources */,
			);
			buildRules = (
			);
			dependencies = (
				5CC98EC51BFAB1A800CE5B5E /* PBXTargetDependency */,
			);
			name = homework1Tests;
			productName = homework1Tests;
			productReference = 5CC98EC31BFAB1A800CE5B5E /* homework1Tests.xctest */;
			productType = "com.apple.product-type.bundle.unit-test";
		};
/* End PBXNativeTarget section */

/* Begin PBXProject section */
		5CC98EA61BFAB1A800CE5B5E /* Project object */ = {
			isa = PBXProject;
			attributes = {
				LastUpgradeCheck = 0640;
				ORGANIZATIONNAME = "Harrison Oliver Evans";
				TargetAttributes = {
					5CC98EAD1BFAB1A800CE5B5E = {
						CreatedOnToolsVersion = 6.4;
					};
					5CC98EC21BFAB1A800CE5B5E = {
						CreatedOnToolsVersion = 6.4;
						TestTargetID = 5CC98EAD1BFAB1A800CE5B5E;
					};
				};
			};
			buildConfigurationList = 5CC98EA91BFAB1A800CE5B5E /* Build configuration list for PBXProject "homework1" */;
			compatibilityVersion = "Xcode 3.2";
			developmentRegion = English;
			hasScannedForEncodings = 0;
			knownRegions = (
				en,
				Base,
			);
			mainGroup = 5CC98EA51BFAB1A800CE5B5E;
			productRefGroup = 5CC98EAF1BFAB1A800CE5B5E /* Products */;
			projectDirPath = "";
			projectRoot = "";
			targets = (
				5CC98EAD1BFAB1A800CE5B5E /* homework1 */,
				5CC98EC21BFAB1A800CE5B5E /* homework1Tests */,
			);
		};
/* End PBXProject section */

/* Begin PBXResourcesBuildPhase section */
		5CC98EAC1BFAB1A800CE5B5E /* Resources */ = {
			isa = PBXResourcesBuildPhase;
			buildActionMask = 2147483647;
			files = (
				5CC98EB91BFAB1A800CE5B5E /* Main.storyboard in Resources */,
				5CC98EBE1BFAB1A800CE5B5E /* LaunchScreen.xib in Resources */,
				5CC98ED41BFAB24D00CE5B5E /* cartman.jpeg in Resources */,
				5CC98EBB1BFAB1A800CE5B5E /* Images.xcassets in Resources */,
			);
			runOnlyForDeploymentPostprocessing = 0;
		};
		5CC98EC11BFAB1A800CE5B5E /* Resources */ = {
			isa = PBXResourcesBuildPhase;
			buildActionMask = 2147483647;
			files = (
			);
			runOnlyForDeploymentPostprocessing = 0;
		};
/* End PBXResourcesBuildPhase section */

/* Begin PBXSourcesBuildPhase section */
		5CC98EAA1BFAB1A800CE5B5E /* Sources */ = {
			isa = PBXSourcesBuildPhase;
			buildActionMask = 2147483647;
			files = (
				5CC98EB61BFAB1A800CE5B5E /* ViewController.swift in Sources */,
				5CC98EB41BFAB1A800CE5B5E /* AppDelegate.swift in Sources */,
			);
			runOnlyForDeploymentPostprocessing = 0;
		};
		5CC98EBF1BFAB1A800CE5B5E /* Sources */ = {
			isa = PBXSourcesBuildPhase;
			buildActionMask = 2147483647;
			files = (
				5CC98ECA1BFAB1A800CE5B5E /* homework1Tests.swift in Sources */,
			);
			runOnlyForDeploymentPostprocessing = 0;
		};
/* End PBXSourcesBuildPhase section */

/* Begin PBXTargetDependency section */
		5CC98EC51BFAB1A800CE5B5E /* PBXTargetDependency */ = {
			isa = PBXTargetDependency;
			target = 5CC98EAD1BFAB1A800CE5B5E /* homework1 */;
			targetProxy = 5CC98EC41BFAB1A800CE5B5E /* PBXContainerItemProxy */;
		};
/* End PBXTargetDependency section */

/* Begin PBXVariantGroup section */
		5CC98EB71BFAB1A800CE5B5E /* Main.storyboard */ = {
			isa = PBXVariantGroup;
			children = (
				5CC98EB81BFAB1A800CE5B5E /* Base */,
			);
			name = Main.storyboard;
			sourceTree = "<group>";
		};
		5CC98EBC1BFAB1A800CE5B5E /* LaunchScreen.xib */ = {
			isa = PBXVariantGroup;
			children = (
				5CC98EBD1BFAB1A800CE5B5E /* Base */,
			);
			name = LaunchScreen.xib;
			sourceTree = "<group>";
		};
/* End PBXVariantGroup section */

/* Begin XCBuildConfiguration section */
		5CC98ECB1BFAB1A800CE5B5E /* Debug */ = {
			isa = XCBuildConfiguration;
			buildSettings = {
				ALWAYS_SEARCH_USER_PATHS = NO;
				CLANG_CXX_LANGUAGE_STANDARD = "gnu++0x";
				CLANG_CXX_LIBRARY = "libc++";
				CLANG_ENABLE_MODULES = YES;
				CLANG_ENABLE_OBJC_ARC = YES;
				CLANG_WARN_BOOL_CONVERSION = YES;
				CLANG_WARN_CONSTANT_CONVERSION = YES;
				CLANG_WARN_DIRECT_OBJC_ISA_USAGE = YES_ERROR;
				CLANG_WARN_EMPTY_BODY = YES;
				CLANG_WARN_ENUM_CONVERSION = YES;
				CLANG_WARN_INT_CONVERSION = YES;
				CLANG_WARN_OBJC_ROOT_CLASS = YES_ERROR;
				CLANG_WARN_UNREACHABLE_CODE = YES;
				CLANG_WARN__DUPLICATE_METHOD_MATCH = YES;
				"CODE_SIGN_IDENTITY[sdk=iphoneos*]" = "iPhone Developer";
				COPY_PHASE_STRIP = NO;
				DEBUG_INFORMATION_FORMAT = "dwarf-with-dsym";
				ENABLE_STRICT_OBJC_MSGSEND = YES;
				GCC_C_LANGUAGE_STANDARD = gnu99;
				GCC_DYNAMIC_NO_PIC = NO;
				GCC_NO_COMMON_BLOCKS = YES;
				GCC_OPTIMIZATION_LEVEL = 0;
				GCC_PREPROCESSOR_DEFINITIONS = (
					"DEBUG=1",
					"$(inherited)",
				);
				GCC_SYMBOLS_PRIVATE_EXTERN = NO;
				GCC_WARN_64_TO_32_BIT_CONVERSION = YES;
				GCC_WARN_ABOUT_RETURN_TYPE = YES_ERROR;
				GCC_WARN_UNDECLARED_SELECTOR = YES;
				GCC_WARN_UNINITIALIZED_AUTOS = YES_AGGRESSIVE;
				GCC_WARN_UNUSED_FUNCTION = YES;
				GCC_WARN_UNUSED_VARIABLE = YES;
				IPHONEOS_DEPLOYMENT_TARGET = 8.4;
				MTL_ENABLE_DEBUG_INFO = YES;
				ONLY_ACTIVE_ARCH = YES;
				SDKROOT = iphoneos;
				SWIFT_OPTIMIZATION_LEVEL = "-Onone";
			};
			name = Debug;
		};
		5CC98ECC1BFAB1A800CE5B5E /* Release */ = {
			isa = XCBuildConfiguration;
			buildSettings = {
				ALWAYS_SEARCH_USER_PATHS = NO;
				CLANG_CXX_LANGUAGE_STANDARD = "gnu++0x";
				CLANG_CXX_LIBRARY = "libc++";
				CLANG_ENABLE_MODULES = YES;
				CLANG_ENABLE_OBJC_ARC = YES;
				CLANG_WARN_BOOL_CONVERSION = YES;
				CLANG_WARN_CONSTANT_CONVERSION = YES;
				CLANG_WARN_DIRECT_OBJC_ISA_USAGE = YES_ERROR;
				CLANG_WARN_EMPTY_BODY = YES;
				CLANG_WARN_ENUM_CONVERSION = YES;
				CLANG_WARN_INT_CONVERSION = YES;
				CLANG_WARN_OBJC_ROOT_CLASS = YES_ERROR;
				CLANG_WARN_UNREACHABLE_CODE = YES;
				CLANG_WARN__DUPLICATE_METHOD_MATCH = YES;
				"CODE_SIGN_IDENTITY[sdk=iphoneos*]" = "iPhone Developer";
				COPY_PHASE_STRIP = NO;
				DEBUG_INFORMATION_FORMAT = "dwarf-with-dsym";
				ENABLE_NS_ASSERTIONS = NO;
				ENABLE_STRICT_OBJC_MSGSEND = YES;
				GCC_C_LANGUAGE_STANDARD = gnu99;
				GCC_NO_COMMON_BLOCKS = YES;
				GCC_WARN_64_TO_32_BIT_CONVERSION = YES;
				GCC_WARN_ABOUT_RETURN_TYPE = YES_ERROR;
				GCC_WARN_UNDECLARED_SELECTOR = YES;
				GCC_WARN_UNINITIALIZED_AUTOS = YES_AGGRESSIVE;
				GCC_WARN_UNUSED_FUNCTION = YES;
				GCC_WARN_UNUSED_VARIABLE = YES;
				IPHONEOS_DEPLOYMENT_TARGET = 8.4;
				MTL_ENABLE_DEBUG_INFO = NO;
				SDKROOT = iphoneos;
				VALIDATE_PRODUCT = YES;
			};
			name = Release;
		};
		5CC98ECE1BFAB1A800CE5B5E /* Debug */ = {
			isa = XCBuildConfiguration;
			buildSettings = {
				ASSETCATALOG_COMPILER_APPICON_NAME = AppIcon;
				INFOPLIST_FILE = homework1/Info.plist;
				LD_RUNPATH_SEARCH_PATHS = "$(inherited) @executable_path/Frameworks";
				PRODUCT_NAME = "$(TARGET_NAME)";
			};
			name = Debug;
		};
		5CC98ECF1BFAB1A800CE5B5E /* Release */ = {
			isa = XCBuildConfiguration;
			buildSettings = {
				ASSETCATALOG_COMPILER_APPICON_NAME = AppIcon;
				INFOPLIST_FILE = homework1/Info.plist;
				LD_RUNPATH_SEARCH_PATHS = "$(inherited) @executable_path/Frameworks";
				PRODUCT_NAME = "$(TARGET_NAME)";
			};
			name = Release;
		};
		5CC98ED11BFAB1A800CE5B5E /* Debug */ = {
			isa = XCBuildConfiguration;
			buildSettings = {
				BUNDLE_LOADER = "$(TEST_HOST)";
				FRAMEWORK_SEARCH_PATHS = (
					"$(SDKROOT)/Developer/Library/Frameworks",
					"$(inherited)",
				);
				GCC_PREPROCESSOR_DEFINITIONS = (
					"DEBUG=1",
					"$(inherited)",
				);
				INFOPLIST_FILE = homework1Tests/Info.plist;
				LD_RUNPATH_SEARCH_PATHS = "$(inherited) @executable_path/Frameworks @loader_path/Frameworks";
				PRODUCT_NAME = "$(TARGET_NAME)";
				TEST_HOST = "$(BUILT_PRODUCTS_DIR)/homework1.app/homework1";
			};
			name = Debug;
		};
		5CC98ED21BFAB1A800CE5B5E /* Release */ = {
			isa = XCBuildConfiguration;
			buildSettings = {
				BUNDLE_LOADER = "$(TEST_HOST)";
				FRAMEWORK_SEARCH_PATHS = (
					"$(SDKROOT)/Developer/Library/Frameworks",
					"$(inherited)",
				);
				INFOPLIST_FILE = homework1Tests/Info.plist;
				LD_RUNPATH_SEARCH_PATHS = "$(inherited) @executable_path/Frameworks @loader_path/Frameworks";
				PRODUCT_NAME = "$(TARGET_NAME)";
				TEST_HOST = "$(BUILT_PRODUCTS_DIR)/homework1.app/homework1";
			};
			name = Release;
		};
/* End XCBuildConfiguration section */

/* Begin XCConfigurationList section */
		5CC98EA91BFAB1A800CE5B5E /* Build configuration list for PBXProject "homework1" */ = {
			isa = XCConfigurationList;
			buildConfigurations = (
				5CC98ECB1BFAB1A800CE5B5E /* Debug */,
				5CC98ECC1BFAB1A800CE5B5E /* Release */,
			);
			defaultConfigurationIsVisible = 0;
			defaultConfigurationName = Release;
		};
		5CC98ECD1BFAB1A800CE5B5E /* Build configuration list for PBXNativeTarget "homework1" */ = {
			isa = XCConfigurationList;
			buildConfigurations = (
				5CC98ECE1BFAB1A800CE5B5E /* Debug */,
				5CC98ECF1BFAB1A800CE5B5E /* Release */,
			);
			defaultConfigurationIsVisible = 0;
		};
		5CC98ED01BFAB1A800CE5B5E /* Build configuration list for PBXNativeTarget "homework1Tests" */ = {
			isa = XCConfigurationList;
			buildConfigurations = (
				5CC98ED11BFAB1A800CE5B5E /* Debug */,
				5CC98ED21BFAB1A800CE5B5E /* Release */,
			);
			defaultConfigurationIsVisible = 0;
		};
/* End XCConfigurationList section */
	};
	rootObject = 5CC98EA61BFAB1A800CE5B5E /* Project object */;
}
